{
  "name": "semaphore",
  "version": "2.5.0",
  "lockfileVersion": 1,
  "dependencies": {
    "@uirouter/angularjs": {
      "version": "1.0.15",
      "resolved": "https://registry.npmjs.org/@uirouter/angularjs/-/angularjs-1.0.15.tgz",
      "integrity": "sha512-qV+fz+OV5WRNNCXfeVO7nEcSSNESXOxLC0lXM9sv+IwTW6gyiynZ2wHP7fP2ETbr20sPxtbFC+kMVLzyiw/yIg==",
      "dependencies": {
        "@uirouter/core": {
          "version": "5.0.17",
          "resolved": "https://registry.npmjs.org/@uirouter/core/-/core-5.0.17.tgz",
          "integrity": "sha512-aJOSpaRbctGw24Mh74sonLwCyskl7KzFz7M0jRDqrd+eHZK6s/xxi4ZSNuGHRy6kF4x7195buQSJEo7u82t+rA=="
        }
      }
    },
    "ace-builds": {
      "version": "1.3.1",
      "resolved": "https://registry.npmjs.org/ace-builds/-/ace-builds-1.3.1.tgz",
      "integrity": "sha512-MJtPAqeGaiIpfgUCXi3/oowqcIw4wSkKTDGvtfUoQHrfZGfjNnH3frPdHzd1VfKF62JFeNJOl4q0TRDiHwoBFg=="
    },
    "angular": {
      "version": "1.6.9",
      "resolved": "https://registry.npmjs.org/angular/-/angular-1.6.9.tgz",
      "integrity": "sha512-6igWH2GIsxV+J38wNWCh8oyjaZsrIPIDO35twloIUyjlF2Yit6UyLAWujHP05ma/LFxTsx4NtYibRoMNBXPR1A=="
    },
    "angular-couch-potato": {
      "version": "git+https://github.com/laurelnaiad/angular-couch-potato.git#fea40f7547890d2914c673e18dd1e752b4b110b3"
    },
    "angular-loading-bar": {
      "version": "0.9.0",
      "resolved": "https://registry.npmjs.org/angular-loading-bar/-/angular-loading-bar-0.9.0.tgz",
      "integrity": "sha1-N+9Swl8QLCFuezzf0vxaXflijkU="
    },
    "angular-ui-ace": {
      "version": "0.2.3",
      "resolved": "https://registry.npmjs.org/angular-ui-ace/-/angular-ui-ace-0.2.3.tgz",
      "integrity": "sha1-PLkDQoEAYho2f8f2QUQOl6QqJtA="
    },
    "angular-ui-bootstrap": {
      "version": "2.5.6",
      "resolved": "https://registry.npmjs.org/angular-ui-bootstrap/-/angular-ui-bootstrap-2.5.6.tgz",
      "integrity": "sha512-yzcHpPMLQl0232nDzm5P4iAFTFQ9dMw0QgFLuKYbDj9M0xJ62z0oudYD/Lvh1pWfRsukiytP4Xj6BHOSrSXP8A=="
    },
    "angularjs-scroll-glue": {
      "version": "2.1.0",
      "resolved": "https://registry.npmjs.org/angularjs-scroll-glue/-/angularjs-scroll-glue-2.1.0.tgz",
      "integrity": "sha1-2aXo5QG7XkDL6yXzr2awxhM1wiY="
    },
    "async": {
      "version": "2.6.0",
      "resolved": "https://registry.npmjs.org/async/-/async-2.6.0.tgz",
      "integrity": "sha512-xAfGg1/NTLBBKlHFmnd7PlmUW9KhVQIUuSrYem9xzFUZy13ScvtyGGejaae9iAVRiRq9+Cx7DPFaAAhCpyxyPw=="
    },
    "bootstrap": {
      "version": "3.3.5",
      "resolved": "https://registry.npmjs.org/bootstrap/-/bootstrap-3.3.5.tgz",
      "integrity": "sha1-F3ereSmbEo2H3OfL2G/cRqxpwLE="
    },
    "es6-object-assign": {
      "version": "1.1.0",
      "resolved": "https://registry.npmjs.org/es6-object-assign/-/es6-object-assign-1.1.0.tgz",
      "integrity": "sha1-wsNYJlYkfDnqEHyx5mUrb58kUjw="
    },
    "font-awesome": {
      "version": "4.5.0",
      "resolved": "https://registry.npmjs.org/font-awesome/-/font-awesome-4.5.0.tgz",
      "integrity": "sha1-Hp18z31jvb5XAA4Y1RiMslV+cPg="
    },
    "lodash": {
      "version": "4.17.4",
      "resolved": "https://registry.npmjs.org/lodash/-/lodash-4.17.4.tgz",
      "integrity": "sha1-eCA6TRwyiuHYbcpkYONptX9AVa4="
    },
    "moment": {
      "version": "2.11.1",
      "resolved": "https://registry.npmjs.org/moment/-/moment-2.11.1.tgz",
      "integrity": "sha1-v0AmQTZA0bgCRnzzU2B/hGTWr0c="
    },
    "promise-polyfill": {
      "version": "6.1.0",
      "resolved": "https://registry.npmjs.org/promise-polyfill/-/promise-polyfill-6.1.0.tgz",
      "integrity": "sha1-36lpQ+qcEh/KTem1hoyznTRy4Fc="
    },
    "requirejs": {
      "version": "2.3.5",
      "resolved": "https://registry.npmjs.org/requirejs/-/requirejs-2.3.5.tgz",
      "integrity": "sha512-svnO+aNcR/an9Dpi44C7KSAy5fFGLtmPbaaCeQaklUz8BQhS64tWWIIlvEA5jrWICzlO/X9KSzSeXFnZdBu8nw=="
    },
    "sweetalert": {
      "version": "2.1.0",
      "resolved": "https://registry.npmjs.org/sweetalert/-/sweetalert-2.1.0.tgz",
      "integrity": "sha512-9YKj0SvjKyBfRWco50UOsIbXVeifYbxzT9Qda7EsqC01eafHGCSG0IR7g942ufjzt7lnwO8ZZBwr6emXv2fQrg=="
    }
  }
}
